
Microsoft Visual Studio Solution File, Format Version 12.00
# Visual Studio Version 16
VisualStudioVersion = 25.0.1700.6
MinimumVisualStudioVersion = 10.0.40219.1
Project("{FAE04EC0-301F-11D3-BF4B-00C04F79EFBC}") = "SampleProject", "SampleProject\SampleProject.csproj", "{CBCF30C8-701B-4659-ACCF-420D69D4FBBE}"
EndProject
Global
	GlobalSection(SolutionConfigurationPlatforms) = preSolution
		Debug|Any CPU = Debug|Any CPU
		Release|Any CPU = Release|Any CPU
	EndGlobalSection
	GlobalSection(ProjectConfigurationPlatforms) = postSolution
		{CBCF30C8-701B-4659-ACCF-420D69D4FBBE}.Debug|Any CPU.ActiveCfg = Debug|Any CPU
		{CBCF30C8-701B-4659-ACCF-420D69D4FBBE}.Debug|Any CPU.Build.0 = Debug|Any CPU
		{CBCF30C8-701B-4659-ACCF-420D69D4FBBE}.Release|Any CPU.ActiveCfg = Release|Any CPU
		{CBCF30C8-701B-4659-ACCF-420D69D4FBBE}.Release|Any CPU.Build.0 = Release|Any CPU
	EndGlobalSection
	GlobalSection(SolutionProperties) = preSolution
		HideSolutionNode = FALSE
	EndGlobalSection
	GlobalSection(ExtensibilityGlobals) = postSolution
		SolutionGuid = {7B1A8230-2D4B-44F4-9888-6BE66B7B458E}
	EndGlobalSection
EndGlobal
